// !$*UTF8*$!
{
	archiveVersion = 1;
	classes = {
	};
	objectVersion = 46;
	objects = {

/* Begin PBXBuildFile section */
		9B2B422E1A83E13C00DCE2C9 /* main.m in Sources */ = {isa = PBXBuildFile; fileRef = 9B2B422D1A83E13C00DCE2C9 /* main.m */; };
		9B2B42311A83E13C00DCE2C9 /* AppDelegate.m in Sources */ = {isa = PBXBuildFile; fileRef = 9B2B42301A83E13C00DCE2C9 /* AppDelegate.m */; };
		9B2B42341A83E13C00DCE2C9 /* ViewController.m in Sources */ = {isa = PBXBuildFile; fileRef = 9B2B42331A83E13C00DCE2C9 /* ViewController.m */; };
		9B2B42371A83E13C00DCE2C9 /* Main.storyboard in Resources */ = {isa = PBXBuildFile; fileRef = 9B2B42351A83E13C00DCE2C9 /* Main.storyboard */; };
		9B2B42391A83E13C00DCE2C9 /* Images.xcassets in Resources */ = {isa = PBXBuildFile; fileRef = 9B2B42381A83E13C00DCE2C9 /* Images.xcassets */; };
		9B2B423C1A83E13C00DCE2C9 /* LaunchScreen.xib in Resources */ = {isa = PBXBuildFile; fileRef = 9B2B423A1A83E13C00DCE2C9 /* LaunchScreen.xib */; };
		9B2B42481A83E13C00DCE2C9 /* GplusDemoTests.m in Sources */ = {isa = PBXBuildFile; fileRef = 9B2B42471A83E13C00DCE2C9 /* GplusDemoTests.m */; };
/* End PBXBuildFile section */

/* Begin PBXContainerItemProxy section */
		9B2B42421A83E13C00DCE2C9 /* PBXContainerItemProxy */ = {
			isa = PBXContainerItemProxy;
			containerPortal = 9B2B42201A83E13C00DCE2C9 /* Project object */;
			proxyType = 1;
			remoteGlobalIDString = 9B2B42271A83E13C00DCE2C9;
			remoteInfo = GplusDemo;
		};
/* End PBXContainerItemProxy section */

/* Begin PBXFileReference section */
		9B2B42281A83E13C00DCE2C9 /* GplusDemo.app */ = {isa = PBXFileReference; explicitFileType = wrapper.application; includeInIndex = 0; path = GplusDemo.app; sourceTree = BUILT_PRODUCTS_DIR; };
		9B2B422C1A83E13C00DCE2C9 /* Info.plist */ = {isa = PBXFileReference; lastKnownFileType = text.plist.xml; path = Info.plist; sourceTree = "<group>"; };
		9B2B422D1A83E13C00DCE2C9 /* main.m */ = {isa = PBXFileReference; lastKnownFileType = sourcecode.c.objc; path = main.m; sourceTree = "<group>"; };
		9B2B422F1A83E13C00DCE2C9 /* AppDelegate.h */ = {isa = PBXFileReference; lastKnownFileType = sourcecode.c.h; path = AppDelegate.h; sourceTree = "<group>"; };
		9B2B42301A83E13C00DCE2C9 /* AppDelegate.m */ = {isa = PBXFileReference; lastKnownFileType = sourcecode.c.objc; path = AppDelegate.m; sourceTree = "<group>"; };
		9B2B42321A83E13C00DCE2C9 /* ViewController.h */ = {isa = PBXFileReference; lastKnownFileType = sourcecode.c.h; path = ViewController.h; sourceTree = "<group>"; };
		9B2B42331A83E13C00DCE2C9 /* ViewController.m */ = {isa = PBXFileReference; lastKnownFileType = sourcecode.c.objc; path = ViewController.m; sourceTree = "<group>"; };
		9B2B42361A83E13C00DCE2C9 /* Base */ = {isa = PBXFileReference; lastKnownFileType = file.storyboard; name = Base; path = Base.lproj/Main.storyboard; sourceTree = "<group>"; };
		9B2B42381A83E13C00DCE2C9 /* Images.xcassets */ = {isa = PBXFileReference; lastKnownFileType = folder.assetcatalog; path = Images.xcassets; sourceTree = "<group>"; };
		9B2B423B1A83E13C00DCE2C9 /* Base */ = {isa = PBXFileReference; lastKnownFileType = file.xib; name = Base; path = Base.lproj/LaunchScreen.xib; sourceTree = "<group>"; };
		9B2B42411A83E13C00DCE2C9 /* GplusDemoTests.xctest */ = {isa = PBXFileReference; explicitFileType = wrapper.cfbundle; includeInIndex = 0; path = GplusDemoTests.xctest; sourceTree = BUILT_PRODUCTS_DIR; };
		9B2B42461A83E13C00DCE2C9 /* Info.plist */ = {isa = PBXFileReference; lastKnownFileType = text.plist.xml; path = Info.plist; sourceTree = "<group>"; };
		9B2B42471A83E13C00DCE2C9 /* GplusDemoTests.m */ = {isa = PBXFileReference; lastKnownFileType = sourcecode.c.objc; path = GplusDemoTests.m; sourceTree = "<group>"; };
/* End PBXFileReference section */

/* Begin PBXFrameworksBuildPhase section */
		9B2B42251A83E13C00DCE2C9 /* Frameworks */ = {
			isa = PBXFrameworksBuildPhase;
			buildActionMask = 2147483647;
			files = (
			);
			runOnlyForDeploymentPostprocessing = 0;
		};
		9B2B423E1A83E13C00DCE2C9 /* Frameworks */ = {
			isa = PBXFrameworksBuildPhase;
			buildActionMask = 2147483647;
			files = (
			);
			runOnlyForDeploymentPostprocessing = 0;
		};
/* End PBXFrameworksBuildPhase section */

/* Begin PBXGroup section */
		9B2B421F1A83E13C00DCE2C9 = {
			isa = PBXGroup;
			children = (
				9B2B422A1A83E13C00DCE2C9 /* GplusDemo */,
				9B2B42441A83E13C00DCE2C9 /* GplusDemoTests */,
				9B2B42291A83E13C00DCE2C9 /* Products */,
			);
			sourceTree = "<group>";
		};
		9B2B42291A83E13C00DCE2C9 /* Products */ = {
			isa = PBXGroup;
			children = (
				9B2B42281A83E13C00DCE2C9 /* GplusDemo.app */,
				9B2B42411A83E13C00DCE2C9 /* GplusDemoTests.xctest */,
			);
			name = Products;
			sourceTree = "<group>";
		};
		9B2B422A1A83E13C00DCE2C9 /* GplusDemo */ = {
			isa = PBXGroup;
			children = (
				9B2B422F1A83E13C00DCE2C9 /* AppDelegate.h */,
				9B2B42301A83E13C00DCE2C9 /* AppDelegate.m */,
				9B2B42321A83E13C00DCE2C9 /* ViewController.h */,
				9B2B42331A83E13C00DCE2C9 /* ViewController.m */,
				9B2B42351A83E13C00DCE2C9 /* Main.storyboard */,
				9B2B42381A83E13C00DCE2C9 /* Images.xcassets */,
				9B2B423A1A83E13C00DCE2C9 /* LaunchScreen.xib */,
				9B2B422B1A83E13C00DCE2C9 /* Supporting Files */,
			);
			path = GplusDemo;
			sourceTree = "<group>";
		};
		9B2B422B1A83E13C00DCE2C9 /* Supporting Files */ = {
			isa = PBXGroup;
			children = (
				9B2B422C1A83E13C00DCE2C9 /* Info.plist */,
				9B2B422D1A83E13C00DCE2C9 /* main.m */,
			);
			name = "Supporting Files";
			sourceTree = "<group>";
		};
		9B2B42441A83E13C00DCE2C9 /* GplusDemoTests */ = {
			isa = PBXGroup;
			children = (
				9B2B42471A83E13C00DCE2C9 /* GplusDemoTests.m */,
				9B2B42451A83E13C00DCE2C9 /* Supporting Files */,
			);
			path = GplusDemoTests;
			sourceTree = "<group>";
		};
		9B2B42451A83E13C00DCE2C9 /* Supporting Files */ = {
			isa = PBXGroup;
			children = (
				9B2B42461A83E13C00DCE2C9 /* Info.plist */,
			);
			name = "Supporting Files";
			sourceTree = "<group>";
		};
/* End PBXGroup section */

/* Begin PBXNativeTarget section */
		9B2B42271A83E13C00DCE2C9 /* GplusDemo */ = {
			isa = PBXNativeTarget;
			buildConfigurationList = 9B2B424B1A83E13C00DCE2C9 /* Build configuration list for PBXNativeTarget "GplusDemo" */;
			buildPhases = (
				9B2B42241A83E13C00DCE2C9 /* Sources */,
				9B2B42251A83E13C00DCE2C9 /* Frameworks */,
				9B2B42261A83E13C00DCE2C9 /* Resources */,
			);
			buildRules = (
			);
			dependencies = (
			);
			name = GplusDemo;
			productName = GplusDemo;
			productReference = 9B2B42281A83E13C00DCE2C9 /* GplusDemo.app */;
			productType = "com.apple.product-type.application";
		};
		9B2B42401A83E13C00DCE2C9 /* GplusDemoTests */ = {
			isa = PBXNativeTarget;
			buildConfigurationList = 9B2B424E1A83E13C00DCE2C9 /* Build configuration list for PBXNativeTarget "GplusDemoTests" */;
			buildPhases = (
				9B2B423D1A83E13C00DCE2C9 /* Sources */,
				9B2B423E1A83E13C00DCE2C9 /* Frameworks */,
				9B2B423F1A83E13C00DCE2C9 /* Resources */,
			);
			buildRules = (
			);
			dependencies = (
				9B2B42431A83E13C00DCE2C9 /* PBXTargetDependency */,
			);
			name = GplusDemoTests;
			productName = GplusDemoTests;
			productReference = 9B2B42411A83E13C00DCE2C9 /* GplusDemoTests.xctest */;
			productType = "com.apple.product-type.bundle.unit-test";
		};
/* End PBXNativeTarget section */

/* Begin PBXProject section */
		9B2B42201A83E13C00DCE2C9 /* Project object */ = {
			isa = PBXProject;
			attributes = {
				LastUpgradeCheck = 0610;
				ORGANIZATIONNAME = "Tejvansh Singh Chhabra";
				TargetAttributes = {
					9B2B42271A83E13C00DCE2C9 = {
						CreatedOnToolsVersion = 6.1.1;
					};
					9B2B42401A83E13C00DCE2C9 = {
						CreatedOnToolsVersion = 6.1.1;
						TestTargetID = 9B2B42271A83E13C00DCE2C9;
					};
				};
			};
			buildConfigurationList = 9B2B42231A83E13C00DCE2C9 /* Build configuration list for PBXProject "GplusDemo" */;
			compatibilityVersion = "Xcode 3.2";
			developmentRegion = English;
			hasScannedForEncodings = 0;
			knownRegions = (
				en,
				Base,
			);
			mainGroup = 9B2B421F1A83E13C00DCE2C9;
			productRefGroup = 9B2B42291A83E13C00DCE2C9 /* Products */;
			projectDirPath = "";
			projectRoot = "";
			targets = (
				9B2B42271A83E13C00DCE2C9 /* GplusDemo */,
				9B2B42401A83E13C00DCE2C9 /* GplusDemoTests */,
			);
		};
/* End PBXProject section */

/* Begin PBXResourcesBuildPhase section */
		9B2B42261A83E13C00DCE2C9 /* Resources */ = {
			isa = PBXResourcesBuildPhase;
			buildActionMask = 2147483647;
			files = (
				9B2B42371A83E13C00DCE2C9 /* Main.storyboard in Resources */,
				9B2B423C1A83E13C00DCE2C9 /* LaunchScreen.xib in Resources */,
				9B2B42391A83E13C00DCE2C9 /* Images.xcassets in Resources */,
			);
			runOnlyForDeploymentPostprocessing = 0;
		};
		9B2B423F1A83E13C00DCE2C9 /* Resources */ = {
			isa = PBXResourcesBuildPhase;
			buildActionMask = 2147483647;
			files = (
			);
			runOnlyForDeploymentPostprocessing = 0;
		};
/* End PBXResourcesBuildPhase section */

/* Begin PBXSourcesBuildPhase section */
		9B2B42241A83E13C00DCE2C9 /* Sources */ = {
			isa = PBXSourcesBuildPhase;
			buildActionMask = 2147483647;
			files = (
				9B2B42341A83E13C00DCE2C9 /* ViewController.m in Sources */,
				9B2B42311A83E13C00DCE2C9 /* AppDelegate.m in Sources */,
				9B2B422E1A83E13C00DCE2C9 /* main.m in Sources */,
			);
			runOnlyForDeploymentPostprocessing = 0;
		};
		9B2B423D1A83E13C00DCE2C9 /* Sources */ = {
			isa = PBXSourcesBuildPhase;
			buildActionMask = 2147483647;
			files = (
				9B2B42481A83E13C00DCE2C9 /* GplusDemoTests.m in Sources */,
			);
			runOnlyForDeploymentPostprocessing = 0;
		};
/* End PBXSourcesBuildPhase section */

/* Begin PBXTargetDependency section */
		9B2B42431A83E13C00DCE2C9 /* PBXTargetDependency */ = {
			isa = PBXTargetDependency;
			target = 9B2B42271A83E13C00DCE2C9 /* GplusDemo */;
			targetProxy = 9B2B42421A83E13C00DCE2C9 /* PBXContainerItemProxy */;
		};
/* End PBXTargetDependency section */

/* Begin PBXVariantGroup section */
		9B2B42351A83E13C00DCE2C9 /* Main.storyboard */ = {
			isa = PBXVariantGroup;
			children = (
				9B2B42361A83E13C00DCE2C9 /* Base */,
			);
			name = Main.storyboard;
			sourceTree = "<group>";
		};
		9B2B423A1A83E13C00DCE2C9 /* LaunchScreen.xib */ = {
			isa = PBXVariantGroup;
			children = (
				9B2B423B1A83E13C00DCE2C9 /* Base */,
			);
			name = LaunchScreen.xib;
			sourceTree = "<group>";
		};
/* End PBXVariantGroup section */

/* Begin XCBuildConfiguration section */
		9B2B42491A83E13C00DCE2C9 /* Debug */ = {
			isa = XCBuildConfiguration;
			buildSettings = {
				ALWAYS_SEARCH_USER_PATHS = NO;
				CLANG_CXX_LANGUAGE_STANDARD = "gnu++0x";
				CLANG_CXX_LIBRARY = "libc++";
				CLANG_ENABLE_MODULES = YES;
				CLANG_ENABLE_OBJC_ARC = YES;
				CLANG_WARN_BOOL_CONVERSION = YES;
				CLANG_WARN_CONSTANT_CONVERSION = YES;
				CLANG_WARN_DIRECT_OBJC_ISA_USAGE = YES_ERROR;
				CLANG_WARN_EMPTY_BODY = YES;
				CLANG_WARN_ENUM_CONVERSION = YES;
				CLANG_WARN_INT_CONVERSION = YES;
				CLANG_WARN_OBJC_ROOT_CLASS = YES_ERROR;
				CLANG_WARN_UNREACHABLE_CODE = YES;
				CLANG_WARN__DUPLICATE_METHOD_MATCH = YES;
				"CODE_SIGN_IDENTITY[sdk=iphoneos*]" = "iPhone Developer";
				COPY_PHASE_STRIP = NO;
				ENABLE_STRICT_OBJC_MSGSEND = YES;
				GCC_C_LANGUAGE_STANDARD = gnu99;
				GCC_DYNAMIC_NO_PIC = NO;
				GCC_OPTIMIZATION_LEVEL = 0;
				GCC_PREPROCESSOR_DEFINITIONS = (
					"DEBUG=1",
					"$(inherited)",
				);
				GCC_SYMBOLS_PRIVATE_EXTERN = NO;
				GCC_WARN_64_TO_32_BIT_CONVERSION = YES;
				GCC_WARN_ABOUT_RETURN_TYPE = YES_ERROR;
				GCC_WARN_UNDECLARED_SELECTOR = YES;
				GCC_WARN_UNINITIALIZED_AUTOS = YES_AGGRESSIVE;
				GCC_WARN_UNUSED_FUNCTION = YES;
				GCC_WARN_UNUSED_VARIABLE = YES;
				IPHONEOS_DEPLOYMENT_TARGET = 8.1;
				MTL_ENABLE_DEBUG_INFO = YES;
				ONLY_ACTIVE_ARCH = YES;
				SDKROOT = iphoneos;
			};
			name = Debug;
		};
		9B2B424A1A83E13C00DCE2C9 /* Release */ = {
			isa = XCBuildConfiguration;
			buildSettings = {
				ALWAYS_SEARCH_USER_PATHS = NO;
				CLANG_CXX_LANGUAGE_STANDARD = "gnu++0x";
				CLANG_CXX_LIBRARY = "libc++";
				CLANG_ENABLE_MODULES = YES;
				CLANG_ENABLE_OBJC_ARC = YES;
				CLANG_WARN_BOOL_CONVERSION = YES;
				CLANG_WARN_CONSTANT_CONVERSION = YES;
				CLANG_WARN_DIRECT_OBJC_ISA_USAGE = YES_ERROR;
				CLANG_WARN_EMPTY_BODY = YES;
				CLANG_WARN_ENUM_CONVERSION = YES;
				CLANG_WARN_INT_CONVERSION = YES;
				CLANG_WARN_OBJC_ROOT_CLASS = YES_ERROR;
				CLANG_WARN_UNREACHABLE_CODE = YES;
				CLANG_WARN__DUPLICATE_METHOD_MATCH = YES;
				"CODE_SIGN_IDENTITY[sdk=iphoneos*]" = "iPhone Developer";
				COPY_PHASE_STRIP = YES;
				ENABLE_NS_ASSERTIONS = NO;
				ENABLE_STRICT_OBJC_MSGSEND = YES;
				GCC_C_LANGUAGE_STANDARD = gnu99;
				GCC_WARN_64_TO_32_BIT_CONVERSION = YES;
				GCC_WARN_ABOUT_RETURN_TYPE = YES_ERROR;
				GCC_WARN_UNDECLARED_SELECTOR = YES;
				GCC_WARN_UNINITIALIZED_AUTOS = YES_AGGRESSIVE;
				GCC_WARN_UNUSED_FUNCTION = YES;
				GCC_WARN_UNUSED_VARIABLE = YES;
				IPHONEOS_DEPLOYMENT_TARGET = 8.1;
				MTL_ENABLE_DEBUG_INFO = NO;
				SDKROOT = iphoneos;
				VALIDATE_PRODUCT = YES;
			};
			name = Release;
		};
		9B2B424C1A83E13C00DCE2C9 /* Debug */ = {
			isa = XCBuildConfiguration;
			buildSettings = {
				ASSETCATALOG_COMPILER_APPICON_NAME = AppIcon;
				INFOPLIST_FILE = GplusDemo/Info.plist;
				LD_RUNPATH_SEARCH_PATHS = "$(inherited) @executable_path/Frameworks";
				PRODUCT_NAME = "$(TARGET_NAME)";
			};
			name = Debug;
		};
		9B2B424D1A83E13C00DCE2C9 /* Release */ = {
			isa = XCBuildConfiguration;
			buildSettings = {
				ASSETCATALOG_COMPILER_APPICON_NAME = AppIcon;
				INFOPLIST_FILE = GplusDemo/Info.plist;
				LD_RUNPATH_SEARCH_PATHS = "$(inherited) @executable_path/Frameworks";
				PRODUCT_NAME = "$(TARGET_NAME)";
			};
			name = Release;
		};
		9B2B424F1A83E13C00DCE2C9 /* Debug */ = {
			isa = XCBuildConfiguration;
			buildSettings = {
				BUNDLE_LOADER = "$(TEST_HOST)";
				FRAMEWORK_SEARCH_PATHS = (
					"$(SDKROOT)/Developer/Library/Frameworks",
					"$(inherited)",
				);
				GCC_PREPROCESSOR_DEFINITIONS = (
					"DEBUG=1",
					"$(inherited)",
				);
				INFOPLIST_FILE = GplusDemoTests/Info.plist;
				LD_RUNPATH_SEARCH_PATHS = "$(inherited) @executable_path/Frameworks @loader_path/Frameworks";
				PRODUCT_NAME = "$(TARGET_NAME)";
				TEST_HOST = "$(BUILT_PRODUCTS_DIR)/GplusDemo.app/GplusDemo";
			};
			name = Debug;
		};
		9B2B42501A83E13C00DCE2C9 /* Release */ = {
			isa = XCBuildConfiguration;
			buildSettings = {
				BUNDLE_LOADER = "$(TEST_HOST)";
				FRAMEWORK_SEARCH_PATHS = (
					"$(SDKROOT)/Developer/Library/Frameworks",
					"$(inherited)",
				);
				INFOPLIST_FILE = GplusDemoTests/Info.plist;
				LD_RUNPATH_SEARCH_PATHS = "$(inherited) @executable_path/Frameworks @loader_path/Frameworks";
				PRODUCT_NAME = "$(TARGET_NAME)";
				TEST_HOST = "$(BUILT_PRODUCTS_DIR)/GplusDemo.app/GplusDemo";
			};
			name = Release;
		};
/* End XCBuildConfiguration section */

/* Begin XCConfigurationList section */
		9B2B42231A83E13C00DCE2C9 /* Build configuration list for PBXProject "GplusDemo" */ = {
			isa = XCConfigurationList;
			buildConfigurations = (
				9B2B42491A83E13C00DCE2C9 /* Debug */,
				9B2B424A1A83E13C00DCE2C9 /* Release */,
			);
			defaultConfigurationIsVisible = 0;
			defaultConfigurationName = Release;
		};
		9B2B424B1A83E13C00DCE2C9 /* Build configuration list for PBXNativeTarget "GplusDemo" */ = {
			isa = XCConfigurationList;
			buildConfigurations = (
				9B2B424C1A83E13C00DCE2C9 /* Debug */,
				9B2B424D1A83E13C00DCE2C9 /* Release */,
			);
			defaultConfigurationIsVisible = 0;
		};
		9B2B424E1A83E13C00DCE2C9 /* Build configuration list for PBXNativeTarget "GplusDemoTests" */ = {
			isa = XCConfigurationList;
			buildConfigurations = (
				9B2B424F1A83E13C00DCE2C9 /* Debug */,
				9B2B42501A83E13C00DCE2C9 /* Release */,
			);
			defaultConfigurationIsVisible = 0;
		};
/* End XCConfigurationList section */
	};
	rootObject = 9B2B42201A83E13C00DCE2C9 /* Project object */;
}
